
Microsoft Visual Studio Solution File, Format Version 12.00
# Visual Studio 14
VisualStudioVersion = 14.0.25420.1
MinimumVisualStudioVersion = 10.0.40219.1
Project("{DA7A21FA-8162-4350-AD77-A8D1B671F3ED}") = "SqlCommon", "SqlCommon\SqlCommon.rxproj", "{D939A4B6-EF87-4806-975B-364C6C454618}"
EndProject
Project("{DA7A21FA-8162-4350-AD77-A8D1B671F3ED}") = "SqlToR", "SqlToR\SqlToR.rxproj", "{CF488A21-9777-4599-BCF7-7946657E355F}"
EndProject
Project("{DA7A21FA-8162-4350-AD77-A8D1B671F3ED}") = "SqlToXlsToR", "SqlToXlsToR\SqlToXlsToR.rxproj", "{241B3AE2-3BFE-453E-A054-34B58592D7F0}"
EndProject
Project("{2150E333-8FDC-42A3-9474-1A3956D46DE8}") = "Sql", "Sql", "{7AA7525E-6E87-46FD-B626-D07A16D9C391}"
	ProjectSection(SolutionItems) = preProject
		Sql\DB-Constraint_list.sql = Sql\DB-Constraint_list.sql
		Sql\DB-FKeys_count.sql = Sql\DB-FKeys_count.sql
		Sql\DB-FKeys_list.sql = Sql\DB-FKeys_list.sql
		Sql\DB-Function_count-Inline.sql = Sql\DB-Function_count-Inline.sql
		Sql\DB-Function_count-Scalar.sql = Sql\DB-Function_count-Scalar.sql
		Sql\DB-Function_count-Valued.sql = Sql\DB-Function_count-Valued.sql
		Sql\DB-Function_count.sql = Sql\DB-Function_count.sql
		Sql\DB-Function_list.sql = Sql\DB-Function_list.sql
		Sql\DB-Function_listParams.sql = Sql\DB-Function_listParams.sql
		Sql\DB-Index_count.sql = Sql\DB-Index_count.sql
		Sql\DB-Index_list.sql = Sql\DB-Index_list.sql
		Sql\DB-Index_listTypes.sql = Sql\DB-Index_listTypes.sql
		Sql\DB-Object_list.sql = Sql\DB-Object_list.sql
		Sql\DB-ParametersInFuncsAndProcs.sql = Sql\DB-ParametersInFuncsAndProcs.sql
		Sql\DB-PKeys_count.sql = Sql\DB-PKeys_count.sql
		Sql\DB-PKeys_list.sql = Sql\DB-PKeys_list.sql
		Sql\DB-Procedure_count.sql = Sql\DB-Procedure_count.sql
		Sql\DB-Procedure_list.sql = Sql\DB-Procedure_list.sql
		Sql\DB-Procedure_listIO.sql = Sql\DB-Procedure_listIO.sql
		Sql\DB-Procedure_listParams.sql = Sql\DB-Procedure_listParams.sql
		Sql\DB-RowCount_list.sql = Sql\DB-RowCount_list.sql
		Sql\DB-ServerDBBackup_list.sql = Sql\DB-ServerDBBackup_list.sql
		Sql\DB-ServerDBSpec_list.sql = Sql\DB-ServerDBSpec_list.sql
		Sql\DB-ServerLinked_list.sql = Sql\DB-ServerLinked_list.sql
		Sql\DB-ServerRunning_list.sql = Sql\DB-ServerRunning_list.sql
		Sql\DB-Table_count.sql = Sql\DB-Table_count.sql
		Sql\DB-Table_list.sql = Sql\DB-Table_list.sql
		Sql\DB-Table_listFootprint.sql = Sql\DB-Table_listFootprint.sql
		Sql\DB-Table_listIO.sql = Sql\DB-Table_listIO.sql
		Sql\DB-Table_listKeys.sql = Sql\DB-Table_listKeys.sql
		Sql\DB-TableBranch_list.sql = Sql\DB-TableBranch_list.sql
		Sql\DB-TableChild_list.sql = Sql\DB-TableChild_list.sql
		Sql\DB-TableIndependent_list.sql = Sql\DB-TableIndependent_list.sql
		Sql\DB-TableLeaf_list.sql = Sql\DB-TableLeaf_list.sql
		Sql\DB-TableParent_list.sql = Sql\DB-TableParent_list.sql
		Sql\DB-TableRoot_list.sql = Sql\DB-TableRoot_list.sql
		Sql\DB-TableSelfRef_list.sql = Sql\DB-TableSelfRef_list.sql
		Sql\DB-TableTrunk_list.sql = Sql\DB-TableTrunk_list.sql
		Sql\DB-Trigger_list.sql = Sql\DB-Trigger_list.sql
		Sql\DB-Usage_list.sql = Sql\DB-Usage_list.sql
		Sql\DB-View_count.sql = Sql\DB-View_count.sql
		Sql\DB-View_list.sql = Sql\DB-View_list.sql
		Sql\Server-Instance.sql = Sql\Server-Instance.sql
		Sql\Server-Instance_DBBackupList.sql = Sql\Server-Instance_DBBackupList.sql
		Sql\Server-Instance_DBSpecList.sql = Sql\Server-Instance_DBSpecList.sql
		Sql\Server-Instance_LinkedList.sql = Sql\Server-Instance_LinkedList.sql
		Sql\Server-Instance_RunningList.sql = Sql\Server-Instance_RunningList.sql
		Sql\Server-Instance_UsageList.sql = Sql\Server-Instance_UsageList.sql
		Sql\Server-ServiceInstance.sql = Sql\Server-ServiceInstance.sql
		Sql\Server-Version.sql = Sql\Server-Version.sql
	EndProjectSection
EndProject
Project("{2150E333-8FDC-42A3-9474-1A3956D46DE8}") = "Xls", "Xls", "{D8CF6FAC-35D5-477A-B98F-0F3B40D6A3C8}"
	ProjectSection(SolutionItems) = preProject
		Xls\Server-Instance-DBBackup_list.xls = Xls\Server-Instance-DBBackup_list.xls
		Xls\Server-Instance-DBSpec_list.xls = Xls\Server-Instance-DBSpec_list.xls
		Xls\Server-Instance-Linked_list.xls = Xls\Server-Instance-Linked_list.xls
		Xls\Server-Instance-Running_list.xls = Xls\Server-Instance-Running_list.xls
		Xls\Server-Instance-Usage_list.xls = Xls\Server-Instance-Usage_list.xls
		Xls\Server-Instance.xls = Xls\Server-Instance.xls
		Xls\Server-ServiceInstance.xls = Xls\Server-ServiceInstance.xls
		Xls\Server-Version.xls = Xls\Server-Version.xls
		Xls\SqlServer-Instance_DEV_DEV01-HS-DEV.xls = Xls\SqlServer-Instance_DEV_DEV01-HS-DEV.xls
		Xls\SqlServer-Instance_DEV_DEV01-HS-DEV_DBBackupList.xls = Xls\SqlServer-Instance_DEV_DEV01-HS-DEV_DBBackupList.xls
		Xls\SqlServer-Instance_DEV_DEV01-HS-DEV_DBSpecList.xls = Xls\SqlServer-Instance_DEV_DEV01-HS-DEV_DBSpecList.xls
		Xls\SqlServer-Instance_DEV_DEV01-HS-DEV_LinkedList.xls = Xls\SqlServer-Instance_DEV_DEV01-HS-DEV_LinkedList.xls
		Xls\SqlServer-Instance_DEV_DEV01-HS-DEV_RunningList.xls = Xls\SqlServer-Instance_DEV_DEV01-HS-DEV_RunningList.xls
		Xls\SqlServer-Instance_DEV_DEV01-HS-DEV_UsageList.xls = Xls\SqlServer-Instance_DEV_DEV01-HS-DEV_UsageList.xls
		Xls\SqlServer-ServiceInstance_DEV.xls = Xls\SqlServer-ServiceInstance_DEV.xls
		Xls\SqlServer-Version_DEV.xls = Xls\SqlServer-Version_DEV.xls
	EndProjectSection
EndProject
Project("{2150E333-8FDC-42A3-9474-1A3956D46DE8}") = "Csv", "Csv", "{C38EE311-20C3-4CC8-96CC-F72C2CD8C748}"
	ProjectSection(SolutionItems) = preProject
		Csv\SqlServer-Instance_DESKTOP-OM0V6GG_MSSQLSERVER.csv = Csv\SqlServer-Instance_DESKTOP-OM0V6GG_MSSQLSERVER.csv
		Csv\SqlServer-Instance_DESKTOP-OM0V6GG_MSSQLSERVER_DBBackupList.csv = Csv\SqlServer-Instance_DESKTOP-OM0V6GG_MSSQLSERVER_DBBackupList.csv
		Csv\SqlServer-Instance_DESKTOP-OM0V6GG_MSSQLSERVER_DBSpecList.csv = Csv\SqlServer-Instance_DESKTOP-OM0V6GG_MSSQLSERVER_DBSpecList.csv
		Csv\SqlServer-Instance_DESKTOP-OM0V6GG_MSSQLSERVER_LinkedList.csv = Csv\SqlServer-Instance_DESKTOP-OM0V6GG_MSSQLSERVER_LinkedList.csv
		Csv\SqlServer-Instance_DESKTOP-OM0V6GG_MSSQLSERVER_RunningList.csv = Csv\SqlServer-Instance_DESKTOP-OM0V6GG_MSSQLSERVER_RunningList.csv
		Csv\SqlServer-Instance_DESKTOP-OM0V6GG_MSSQLSERVER_UsageList.csv = Csv\SqlServer-Instance_DESKTOP-OM0V6GG_MSSQLSERVER_UsageList.csv
		Csv\SqlServer-ServiceInstance_DESKTOP-OM0V6GG.csv = Csv\SqlServer-ServiceInstance_DESKTOP-OM0V6GG.csv
		Csv\SqlServer-Version_DESKTOP-OM0V6GG.csv = Csv\SqlServer-Version_DESKTOP-OM0V6GG.csv
	EndProjectSection
EndProject
Global
	GlobalSection(SolutionConfigurationPlatforms) = preSolution
		Debug|Any CPU = Debug|Any CPU
		Release|Any CPU = Release|Any CPU
	EndGlobalSection
	GlobalSection(ProjectConfigurationPlatforms) = postSolution
		{D939A4B6-EF87-4806-975B-364C6C454618}.Debug|Any CPU.ActiveCfg = Debug|Any CPU
		{D939A4B6-EF87-4806-975B-364C6C454618}.Debug|Any CPU.Build.0 = Debug|Any CPU
		{D939A4B6-EF87-4806-975B-364C6C454618}.Release|Any CPU.ActiveCfg = Release|Any CPU
		{D939A4B6-EF87-4806-975B-364C6C454618}.Release|Any CPU.Build.0 = Release|Any CPU
		{CF488A21-9777-4599-BCF7-7946657E355F}.Debug|Any CPU.ActiveCfg = Debug|Any CPU
		{CF488A21-9777-4599-BCF7-7946657E355F}.Debug|Any CPU.Build.0 = Debug|Any CPU
		{CF488A21-9777-4599-BCF7-7946657E355F}.Release|Any CPU.ActiveCfg = Release|Any CPU
		{CF488A21-9777-4599-BCF7-7946657E355F}.Release|Any CPU.Build.0 = Release|Any CPU
		{241B3AE2-3BFE-453E-A054-34B58592D7F0}.Debug|Any CPU.ActiveCfg = Debug|Any CPU
		{241B3AE2-3BFE-453E-A054-34B58592D7F0}.Debug|Any CPU.Build.0 = Debug|Any CPU
		{241B3AE2-3BFE-453E-A054-34B58592D7F0}.Release|Any CPU.ActiveCfg = Release|Any CPU
		{241B3AE2-3BFE-453E-A054-34B58592D7F0}.Release|Any CPU.Build.0 = Release|Any CPU
	EndGlobalSection
	GlobalSection(SolutionProperties) = preSolution
		HideSolutionNode = FALSE
	EndGlobalSection
EndGlobal
